
Microsoft Visual Studio Solution File, Format Version 12.00
# Visual Studio Version 17
VisualStudioVersion = 17.1.32210.238
MinimumVisualStudioVersion = 10.0.40219.1
Project("{FAE04EC0-301F-11D3-BF4B-00C04F79EFBC}") = "TaskManagerCore", "TaskManagerCore\TaskManagerCore.csproj", "{84E563C0-6981-4EE5-B283-2027695363EB}"
EndProject
Project("{FAE04EC0-301F-11D3-BF4B-00C04F79EFBC}") = "TaskManagerEntities", "TaskManagerEntities\TaskManagerEntities.csproj", "{C87838CF-05B4-4A1A-AD21-FFDB47F864A3}"
EndProject
Project("{FAE04EC0-301F-11D3-BF4B-00C04F79EFBC}") = "TaskManagerDataAccess", "TaskManagerDataAccess\TaskManagerDataAccess.csproj", "{4562E013-012F-486A-AEFA-13CCE2CA4987}"
EndProject
Project("{FAE04EC0-301F-11D3-BF4B-00C04F79EFBC}") = "TaskManagerBusiness", "TaskManagerBusiness\TaskManagerBusiness.csproj", "{481FD391-CCF7-425F-BF4F-19D4219B7F1F}"
EndProject
Project("{FAE04EC0-301F-11D3-BF4B-00C04F79EFBC}") = "TaskManagerUI", "TaskManagerUI\TaskManagerUI.csproj", "{1774D4BD-DE40-4914-84A2-31601B88F0B6}"
EndProject
Global
	GlobalSection(SolutionConfigurationPlatforms) = preSolution
		Debug|Any CPU = Debug|Any CPU
		Release|Any CPU = Release|Any CPU
	EndGlobalSection
	GlobalSection(ProjectConfigurationPlatforms) = postSolution
		{84E563C0-6981-4EE5-B283-2027695363EB}.Debug|Any CPU.ActiveCfg = Debug|Any CPU
		{84E563C0-6981-4EE5-B283-2027695363EB}.Debug|Any CPU.Build.0 = Debug|Any CPU
		{84E563C0-6981-4EE5-B283-2027695363EB}.Release|Any CPU.ActiveCfg = Release|Any CPU
		{84E563C0-6981-4EE5-B283-2027695363EB}.Release|Any CPU.Build.0 = Release|Any CPU
		{C87838CF-05B4-4A1A-AD21-FFDB47F864A3}.Debug|Any CPU.ActiveCfg = Debug|Any CPU
		{C87838CF-05B4-4A1A-AD21-FFDB47F864A3}.Debug|Any CPU.Build.0 = Debug|Any CPU
		{C87838CF-05B4-4A1A-AD21-FFDB47F864A3}.Release|Any CPU.ActiveCfg = Release|Any CPU
		{C87838CF-05B4-4A1A-AD21-FFDB47F864A3}.Release|Any CPU.Build.0 = Release|Any CPU
		{4562E013-012F-486A-AEFA-13CCE2CA4987}.Debug|Any CPU.ActiveCfg = Debug|Any CPU
		{4562E013-012F-486A-AEFA-13CCE2CA4987}.Debug|Any CPU.Build.0 = Debug|Any CPU
		{4562E013-012F-486A-AEFA-13CCE2CA4987}.Release|Any CPU.ActiveCfg = Release|Any CPU
		{4562E013-012F-486A-AEFA-13CCE2CA4987}.Release|Any CPU.Build.0 = Release|Any CPU
		{481FD391-CCF7-425F-BF4F-19D4219B7F1F}.Debug|Any CPU.ActiveCfg = Debug|Any CPU
		{481FD391-CCF7-425F-BF4F-19D4219B7F1F}.Debug|Any CPU.Build.0 = Debug|Any CPU
		{481FD391-CCF7-425F-BF4F-19D4219B7F1F}.Release|Any CPU.ActiveCfg = Release|Any CPU
		{481FD391-CCF7-425F-BF4F-19D4219B7F1F}.Release|Any CPU.Build.0 = Release|Any CPU
		{1774D4BD-DE40-4914-84A2-31601B88F0B6}.Debug|Any CPU.ActiveCfg = Debug|Any CPU
		{1774D4BD-DE40-4914-84A2-31601B88F0B6}.Debug|Any CPU.Build.0 = Debug|Any CPU
		{1774D4BD-DE40-4914-84A2-31601B88F0B6}.Release|Any CPU.ActiveCfg = Release|Any CPU
		{1774D4BD-DE40-4914-84A2-31601B88F0B6}.Release|Any CPU.Build.0 = Release|Any CPU
	EndGlobalSection
	GlobalSection(SolutionProperties) = preSolution
		HideSolutionNode = FALSE
	EndGlobalSection
	GlobalSection(ExtensibilityGlobals) = postSolution
		SolutionGuid = {E03B46A6-6990-4388-B812-043F3E154A6A}
	EndGlobalSection
EndGlobal
